
Microsoft Visual Studio Solution File, Format Version 12.00
# Visual Studio Version 16
VisualStudioVersion = 16.0.29509.3
MinimumVisualStudioVersion = 10.0.40219.1
Project("{9A19103F-16F7-4668-BE54-9A1E7A4F7556}") = "01. Convert Meters to Kilometers", "Convert Meters to Kilometers\01. Convert Meters to Kilometers.csproj", "{7D22C8D0-4D79-43CD-ACC0-F84C279AC2CC}"
EndProject
Project("{9A19103F-16F7-4668-BE54-9A1E7A4F7556}") = "02. Pounds to Dollars", "02. Pounds to Dollars\02. Pounds to Dollars.csproj", "{3BA9B2AD-CC6C-4483-8FCF-242E542D3276}"
EndProject
Project("{9A19103F-16F7-4668-BE54-9A1E7A4F7556}") = "03. Exact Sum of Real Numbers", "03. Exact Sum of Real Numbers\03. Exact Sum of Real Numbers.csproj", "{65BE06C8-3FEB-47B0-A19E-37D21D73FC86}"
EndProject
Project("{9A19103F-16F7-4668-BE54-9A1E7A4F7556}") = "04. Centuries to Minutes", "04. Centuries to Minutes\04. Centuries to Minutes.csproj", "{A2C323FE-A03B-40B5-AF6B-788BCCD76A58}"
EndProject
Project("{9A19103F-16F7-4668-BE54-9A1E7A4F7556}") = "05. Special Numbers", "05. Special Numbers\05. Special Numbers.csproj", "{86945EEB-C309-477D-A7B9-C7964CFC4A3A}"
EndProject
Project("{FAE04EC0-301F-11D3-BF4B-00C04F79EFBC}") = "06. Reversed Chars", "06. Reversed Chars\06. Reversed Chars.csproj", "{BD597BBF-D8B4-4013-9D77-261ABD45D758}"
EndProject
Project("{FAE04EC0-301F-11D3-BF4B-00C04F79EFBC}") = "07. Concat Names", "07. Concat Names\07. Concat Names.csproj", "{E6C914E3-A99D-4C38-84CE-605F47C81CFD}"
EndProject
Project("{FAE04EC0-301F-11D3-BF4B-00C04F79EFBC}") = "08. Town Info", "08. Town Info\08. Town Info.csproj", "{10E7D09E-3F2C-48F0-BFD3-184A1F390E71}"
EndProject
Project("{FAE04EC0-301F-11D3-BF4B-00C04F79EFBC}") = "09. Chars to String", "09. Chars to String\09. Chars to String.csproj", "{875D7E2A-37FF-490B-A7DB-604185FD83F1}"
EndProject
Project("{FAE04EC0-301F-11D3-BF4B-00C04F79EFBC}") = "10. Lower or Upper", "ConsoleApp1\10. Lower or Upper.csproj", "{D21B82C7-3275-40FE-B6EB-8F19240A72F3}"
EndProject
Project("{FAE04EC0-301F-11D3-BF4B-00C04F79EFBC}") = "11. Refactor Volume of Pyramid", "11. Refactor Volume of Pyramid\11. Refactor Volume of Pyramid.csproj", "{A77A94C3-4C8A-4DA8-8F67-27ED3BC454D5}"
EndProject
Project("{FAE04EC0-301F-11D3-BF4B-00C04F79EFBC}") = "12. Refactor Special Numbers", "12. Refactor Special Numbers\12. Refactor Special Numbers.csproj", "{6D0DB6DE-C23C-4D27-BD67-C824495A1812}"
EndProject
Global
	GlobalSection(SolutionConfigurationPlatforms) = preSolution
		Debug|Any CPU = Debug|Any CPU
		Release|Any CPU = Release|Any CPU
	EndGlobalSection
	GlobalSection(ProjectConfigurationPlatforms) = postSolution
		{7D22C8D0-4D79-43CD-ACC0-F84C279AC2CC}.Debug|Any CPU.ActiveCfg = Debug|Any CPU
		{7D22C8D0-4D79-43CD-ACC0-F84C279AC2CC}.Debug|Any CPU.Build.0 = Debug|Any CPU
		{7D22C8D0-4D79-43CD-ACC0-F84C279AC2CC}.Release|Any CPU.ActiveCfg = Release|Any CPU
		{7D22C8D0-4D79-43CD-ACC0-F84C279AC2CC}.Release|Any CPU.Build.0 = Release|Any CPU
		{3BA9B2AD-CC6C-4483-8FCF-242E542D3276}.Debug|Any CPU.ActiveCfg = Debug|Any CPU
		{3BA9B2AD-CC6C-4483-8FCF-242E542D3276}.Debug|Any CPU.Build.0 = Debug|Any CPU
		{3BA9B2AD-CC6C-4483-8FCF-242E542D3276}.Release|Any CPU.ActiveCfg = Release|Any CPU
		{3BA9B2AD-CC6C-4483-8FCF-242E542D3276}.Release|Any CPU.Build.0 = Release|Any CPU
		{65BE06C8-3FEB-47B0-A19E-37D21D73FC86}.Debug|Any CPU.ActiveCfg = Debug|Any CPU
		{65BE06C8-3FEB-47B0-A19E-37D21D73FC86}.Debug|Any CPU.Build.0 = Debug|Any CPU
		{65BE06C8-3FEB-47B0-A19E-37D21D73FC86}.Release|Any CPU.ActiveCfg = Release|Any CPU
		{65BE06C8-3FEB-47B0-A19E-37D21D73FC86}.Release|Any CPU.Build.0 = Release|Any CPU
		{A2C323FE-A03B-40B5-AF6B-788BCCD76A58}.Debug|Any CPU.ActiveCfg = Debug|Any CPU
		{A2C323FE-A03B-40B5-AF6B-788BCCD76A58}.Debug|Any CPU.Build.0 = Debug|Any CPU
		{A2C323FE-A03B-40B5-AF6B-788BCCD76A58}.Release|Any CPU.ActiveCfg = Release|Any CPU
		{A2C323FE-A03B-40B5-AF6B-788BCCD76A58}.Release|Any CPU.Build.0 = Release|Any CPU
		{86945EEB-C309-477D-A7B9-C7964CFC4A3A}.Debug|Any CPU.ActiveCfg = Debug|Any CPU
		{86945EEB-C309-477D-A7B9-C7964CFC4A3A}.Debug|Any CPU.Build.0 = Debug|Any CPU
		{86945EEB-C309-477D-A7B9-C7964CFC4A3A}.Release|Any CPU.ActiveCfg = Release|Any CPU
		{86945EEB-C309-477D-A7B9-C7964CFC4A3A}.Release|Any CPU.Build.0 = Release|Any CPU
		{BD597BBF-D8B4-4013-9D77-261ABD45D758}.Debug|Any CPU.ActiveCfg = Debug|Any CPU
		{BD597BBF-D8B4-4013-9D77-261ABD45D758}.Debug|Any CPU.Build.0 = Debug|Any CPU
		{BD597BBF-D8B4-4013-9D77-261ABD45D758}.Release|Any CPU.ActiveCfg = Release|Any CPU
		{BD597BBF-D8B4-4013-9D77-261ABD45D758}.Release|Any CPU.Build.0 = Release|Any CPU
		{E6C914E3-A99D-4C38-84CE-605F47C81CFD}.Debug|Any CPU.ActiveCfg = Debug|Any CPU
		{E6C914E3-A99D-4C38-84CE-605F47C81CFD}.Debug|Any CPU.Build.0 = Debug|Any CPU
		{E6C914E3-A99D-4C38-84CE-605F47C81CFD}.Release|Any CPU.ActiveCfg = Release|Any CPU
		{E6C914E3-A99D-4C38-84CE-605F47C81CFD}.Release|Any CPU.Build.0 = Release|Any CPU
		{10E7D09E-3F2C-48F0-BFD3-184A1F390E71}.Debug|Any CPU.ActiveCfg = Debug|Any CPU
		{10E7D09E-3F2C-48F0-BFD3-184A1F390E71}.Debug|Any CPU.Build.0 = Debug|Any CPU
		{10E7D09E-3F2C-48F0-BFD3-184A1F390E71}.Release|Any CPU.ActiveCfg = Release|Any CPU
		{10E7D09E-3F2C-48F0-BFD3-184A1F390E71}.Release|Any CPU.Build.0 = Release|Any CPU
		{875D7E2A-37FF-490B-A7DB-604185FD83F1}.Debug|Any CPU.ActiveCfg = Debug|Any CPU
		{875D7E2A-37FF-490B-A7DB-604185FD83F1}.Debug|Any CPU.Build.0 = Debug|Any CPU
		{875D7E2A-37FF-490B-A7DB-604185FD83F1}.Release|Any CPU.ActiveCfg = Release|Any CPU
		{875D7E2A-37FF-490B-A7DB-604185FD83F1}.Release|Any CPU.Build.0 = Release|Any CPU
		{D21B82C7-3275-40FE-B6EB-8F19240A72F3}.Debug|Any CPU.ActiveCfg = Debug|Any CPU
		{D21B82C7-3275-40FE-B6EB-8F19240A72F3}.Debug|Any CPU.Build.0 = Debug|Any CPU
		{D21B82C7-3275-40FE-B6EB-8F19240A72F3}.Release|Any CPU.ActiveCfg = Release|Any CPU
		{D21B82C7-3275-40FE-B6EB-8F19240A72F3}.Release|Any CPU.Build.0 = Release|Any CPU
		{A77A94C3-4C8A-4DA8-8F67-27ED3BC454D5}.Debug|Any CPU.ActiveCfg = Debug|Any CPU
		{A77A94C3-4C8A-4DA8-8F67-27ED3BC454D5}.Debug|Any CPU.Build.0 = Debug|Any CPU
		{A77A94C3-4C8A-4DA8-8F67-27ED3BC454D5}.Release|Any CPU.ActiveCfg = Release|Any CPU
		{A77A94C3-4C8A-4DA8-8F67-27ED3BC454D5}.Release|Any CPU.Build.0 = Release|Any CPU
		{6D0DB6DE-C23C-4D27-BD67-C824495A1812}.Debug|Any CPU.ActiveCfg = Debug|Any CPU
		{6D0DB6DE-C23C-4D27-BD67-C824495A1812}.Debug|Any CPU.Build.0 = Debug|Any CPU
		{6D0DB6DE-C23C-4D27-BD67-C824495A1812}.Release|Any CPU.ActiveCfg = Release|Any CPU
		{6D0DB6DE-C23C-4D27-BD67-C824495A1812}.Release|Any CPU.Build.0 = Release|Any CPU
	EndGlobalSection
	GlobalSection(SolutionProperties) = preSolution
		HideSolutionNode = FALSE
	EndGlobalSection
	GlobalSection(ExtensibilityGlobals) = postSolution
		SolutionGuid = {F3BED372-B250-4FD0-8742-9B6515419FFE}
	EndGlobalSection
EndGlobal
